{
  "status": "completed",
  "taskId": "M0",
  "taskName": "PetSafetyHandler安全拦截器",
  "lockedBy": "current-session",
  "lockedAt": "2026-07-17T14:00:00+08:00",
  "completedAt": "2026-07-17T14:13:00+08:00",
  "description": "P0阻断项：有毒食物拦截、红色预警触发、医疗边界声明",
  "deliverables": [
    "engines/petSafety/PetSafetyHandler.ts",
    "engines/petSafety/ToxicFoodFilter.ts",
    "engines/petSafety/MedicalDisclaimer.ts",
    "engines/petSafety/index.ts",
    "engines/petSafety/PetSafetyHandler.test.ts",
    "data/petKnowledge/foodSafety.ts",
    "data/petKnowledge/symptoms.ts",
    "data/petKnowledge/breeds.ts",
    "data/petKnowledge/vaccineSchedule.ts",
    "data/petKnowledge/index.ts",
    "data/urgencyRules.ts",
    "data/emotionScenes.ts"
  ],
  "verification": {
    "typecheck": "pass",
    "tests": "66/66 pass",
    "lint": "pass"
  }
}