{"status":"completed","taskId":"M4","taskName":"疫苗驱虫日历+AI症状初筛+健康趋势图","lockedBy":"current-session","lockedAt":"2026-07-18T02:30:00+08:00","completedAt":"2026-07-18T14:56:00+08:00","description":"M4包含三个P1功能：疫苗驱虫日历（高频触点）、AI症状初筛（核心差异化）、健康趋势图（长期价值）","subModules":["M4-1-vaccine-calendar","M4-2-symptom-checker","M4-3-health-trends"],"dependencies":["M0","M1","M2","M3"],"acceptanceCriteria":"1.疫苗日历页面可正常显示/添加/标记完成 2.AI症状初筛4步流程可正常运行 3.健康趋势图可展示体重/食欲/便便趋势 4.所有功能通过单元测试 5.lint零错误 6.TypeScript strict模式零错误","testResults":"6个测试文件173个测试用例全部通过","typeCheckResults":"M4模块TypeScript类型检查零错误","notes":"按PRD v3.1第4.4/4.5/4.7节开发，复用现有引擎和组件"}