{
  "status": "completed",
  "taskId": "T0",
  "taskName": "项目基础搭建",
  "startedAt": "2026-07-12T00:43:00+08:00",
  "completedAt": "2026-07-12T01:00:00+08:00",
  "filesCreated": [
    "package.json",
    "tsconfig.json",
    "config/index.ts",
    "src/app.tsx",
    "src/app.config.ts",
    "src/app.scss",
    "src/pages/*/index.tsx",
    "src/pages/*/index.scss",
    "src/pages/*/index.config.ts",
    "src/memory-body/**/*.ts",
    "src/engines/**/*.ts",
    "src/stores/**/*.ts",
    "src/hooks/**/*.ts",
    "src/services/**/*.ts",
    "src/data/**/*.ts",
    "src/utils/**/*.ts",
    "src/components/**/*.tsx",
    ".eslintrc.js",
    ".prettierrc",
    ".editorconfig",
    ".npmrc",
    "project.config.json",
    "README.md"
  ]
}
