{
  "status": "locked",
  "taskId": "UI-TabBar",
  "taskName": "悬浮液态玻璃TabBar",
  "startedAt": "2026-07-14T10:40:00+08:00",
  "completedAt": null,
  "lockedBy": "current-session",
  "lockedAt": "2026-07-14T10:40:00+08:00",
  "expectedEnd": "2026-07-14T12:40:00+08:00",
  "description": "将小程序底部TabBar改为悬浮液态玻璃效果，并适配所有页面"
}
